// !$*UTF8*$!
{
	archiveVersion = 1;
	classes = {
	};
	objectVersion = 56;
	objects = {

/* Begin PBXBuildFile section */
		0D2CCE3C29C5FCE000EBA805 /* AppDelegate.swift in Sources */ = {isa = PBXBuildFile; fileRef = 0D2CCE3B29C5FCE000EBA805 /* AppDelegate.swift */; };
		0D2CCE3E29C5FCE000EBA805 /* SceneDelegate.swift in Sources */ = {isa = PBXBuildFile; fileRef = 0D2CCE3D29C5FCE000EBA805 /* SceneDelegate.swift */; };
		0D2CCE4029C5FCE000EBA805 /* ViewController.swift in Sources */ = {isa = PBXBuildFile; fileRef = 0D2CCE3F29C5FCE000EBA805 /* ViewController.swift */; };
		0D2CCE4329C5FCE000EBA805 /* Main.storyboard in Resources */ = {isa = PBXBuildFile; fileRef = 0D2CCE4129C5FCE000EBA805 /* Main.storyboard */; };
		0D2CCE4529C5FCE600EBA805 /* Assets.xcassets in Resources */ = {isa = PBXBuildFile; fileRef = 0D2CCE4429C5FCE600EBA805 /* Assets.xcassets */; };
		0D2CCE4829C5FCE600EBA805 /* LaunchScreen.storyboard in Resources */ = {isa = PBXBuildFile; fileRef = 0D2CCE4629C5FCE600EBA805 /* LaunchScreen.storyboard */; };
		0D2CCE5029C5FD4900EBA805 /* Presenter.swift in Sources */ = {isa = PBXBuildFile; fileRef = 0D2CCE4F29C5FD4900EBA805 /* Presenter.swift */; };
/* End PBXBuildFile section */

/* Begin PBXFileReference section */
		0D2CCE3829C5FCE000EBA805 /* MVP_Project.app */ = {isa = PBXFileReference; explicitFileType = wrapper.application; includeInIndex = 0; path = MVP_Project.app; sourceTree = BUILT_PRODUCTS_DIR; };
		0D2CCE3B29C5FCE000EBA805 /* AppDelegate.swift */ = {isa = PBXFileReference; lastKnownFileType = sourcecode.swift; path = AppDelegate.swift; sourceTree = "<group>"; };
		0D2CCE3D29C5FCE000EBA805 /* SceneDelegate.swift */ = {isa = PBXFileReference; lastKnownFileType = sourcecode.swift; path = SceneDelegate.swift; sourceTree = "<group>"; };
		0D2CCE3F29C5FCE000EBA805 /* ViewController.swift */ = {isa = PBXFileReference; lastKnownFileType = sourcecode.swift; path = ViewController.swift; sourceTree = "<group>"; };
		0D2CCE4229C5FCE000EBA805 /* Base */ = {isa = PBXFileReference; lastKnownFileType = file.storyboard; name = Base; path = Base.lproj/Main.storyboard; sourceTree = "<group>"; };
		0D2CCE4429C5FCE600EBA805 /* Assets.xcassets */ = {isa = PBXFileReference; lastKnownFileType = folder.assetcatalog; path = Assets.xcassets; sourceTree = "<group>"; };
		0D2CCE4729C5FCE600EBA805 /* Base */ = {isa = PBXFileReference; lastKnownFileType = file.storyboard; name = Base; path = Base.lproj/LaunchScreen.storyboard; sourceTree = "<group>"; };
		0D2CCE4929C5FCE600EBA805 /* Info.plist */ = {isa = PBXFileReference; lastKnownFileType = text.plist.xml; path = Info.plist; sourceTree = "<group>"; };
		0D2CCE4F29C5FD4900EBA805 /* Presenter.swift */ = {isa = PBXFileReference; lastKnownFileType = sourcecode.swift; path = Presenter.swift; sourceTree = "<group>"; };
/* End PBXFileReference section */

/* Begin PBXFrameworksBuildPhase section */
		0D2CCE3529C5FCE000EBA805 /* Frameworks */ = {
			isa = PBXFrameworksBuildPhase;
			buildActionMask = 2147483647;
			files = (
			);
			runOnlyForDeploymentPostprocessing = 0;
		};
/* End PBXFrameworksBuildPhase section */

/* Begin PBXGroup section */
		0D2CCE2F29C5FCE000EBA805 = {
			isa = PBXGroup;
			children = (
				0D2CCE3A29C5FCE000EBA805 /* MVP_Project */,
				0D2CCE3929C5FCE000EBA805 /* Products */,
			);
			sourceTree = "<group>";
		};
		0D2CCE3929C5FCE000EBA805 /* Products */ = {
			isa = PBXGroup;
			children = (
				0D2CCE3829C5FCE000EBA805 /* MVP_Project.app */,
			);
			name = Products;
			sourceTree = "<group>";
		};
		0D2CCE3A29C5FCE000EBA805 /* MVP_Project */ = {
			isa = PBXGroup;
			children = (
				0D2CCE3B29C5FCE000EBA805 /* AppDelegate.swift */,
				0D2CCE3D29C5FCE000EBA805 /* SceneDelegate.swift */,
				0D2CCE3F29C5FCE000EBA805 /* ViewController.swift */,
				0D2CCE4F29C5FD4900EBA805 /* Presenter.swift */,
				0D2CCE4129C5FCE000EBA805 /* Main.storyboard */,
				0D2CCE4429C5FCE600EBA805 /* Assets.xcassets */,
				0D2CCE4629C5FCE600EBA805 /* LaunchScreen.storyboard */,
				0D2CCE4929C5FCE600EBA805 /* Info.plist */,
			);
			path = MVP_Project;
			sourceTree = "<group>";
		};
/* End PBXGroup section */

/* Begin PBXNativeTarget section */
		0D2CCE3729C5FCE000EBA805 /* MVP_Project */ = {
			isa = PBXNativeTarget;
			buildConfigurationList = 0D2CCE4C29C5FCE600EBA805 /* Build configuration list for PBXNativeTarget "MVP_Project" */;
			buildPhases = (
				0D2CCE3429C5FCE000EBA805 /* Sources */,
				0D2CCE3529C5FCE000EBA805 /* Frameworks */,
				0D2CCE3629C5FCE000EBA805 /* Resources */,
			);
			buildRules = (
			);
			dependencies = (
			);
			name = MVP_Project;
			productName = MVP_Project;
			productReference = 0D2CCE3829C5FCE000EBA805 /* MVP_Project.app */;
			productType = "com.apple.product-type.application";
		};
/* End PBXNativeTarget section */

/* Begin PBXProject section */
		0D2CCE3029C5FCE000EBA805 /* Project object */ = {
			isa = PBXProject;
			attributes = {
				BuildIndependentTargetsInParallel = 1;
				LastSwiftUpdateCheck = 1420;
				LastUpgradeCheck = 1420;
				TargetAttributes = {
					0D2CCE3729C5FCE000EBA805 = {
						CreatedOnToolsVersion = 14.2;
					};
				};
			};
			buildConfigurationList = 0D2CCE3329C5FCE000EBA805 /* Build configuration list for PBXProject "MVP_Project" */;
			compatibilityVersion = "Xcode 14.0";
			developmentRegion = en;
			hasScannedForEncodings = 0;
			knownRegions = (
				en,
				Base,
			);
			mainGroup = 0D2CCE2F29C5FCE000EBA805;
			productRefGroup = 0D2CCE3929C5FCE000EBA805 /* Products */;
			projectDirPath = "";
			projectRoot = "";
			targets = (
				0D2CCE3729C5FCE000EBA805 /* MVP_Project */,
			);
		};
/* End PBXProject section */

/* Begin PBXResourcesBuildPhase section */
		0D2CCE3629C5FCE000EBA805 /* Resources */ = {
			isa = PBXResourcesBuildPhase;
			buildActionMask = 2147483647;
			files = (
				0D2CCE4829C5FCE600EBA805 /* LaunchScreen.storyboard in Resources */,
				0D2CCE4529C5FCE600EBA805 /* Assets.xcassets in Resources */,
				0D2CCE4329C5FCE000EBA805 /* Main.storyboard in Resources */,
			);
			runOnlyForDeploymentPostprocessing = 0;
		};
/* End PBXResourcesBuildPhase section */

/* Begin PBXSourcesBuildPhase section */
		0D2CCE3429C5FCE000EBA805 /* Sources */ = {
			isa = PBXSourcesBuildPhase;
			buildActionMask = 2147483647;
			files = (
				0D2CCE4029C5FCE000EBA805 /* ViewController.swift in Sources */,
				0D2CCE3C29C5FCE000EBA805 /* AppDelegate.swift in Sources */,
				0D2CCE5029C5FD4900EBA805 /* Presenter.swift in Sources */,
				0D2CCE3E29C5FCE000EBA805 /* SceneDelegate.swift in Sources */,
			);
			runOnlyForDeploymentPostprocessing = 0;
		};
/* End PBXSourcesBuildPhase section */

/* Begin PBXVariantGroup section */
		0D2CCE4129C5FCE000EBA805 /* Main.storyboard */ = {
			isa = PBXVariantGroup;
			children = (
				0D2CCE4229C5FCE000EBA805 /* Base */,
			);
			name = Main.storyboard;
			sourceTree = "<group>";
		};
		0D2CCE4629C5FCE600EBA805 /* LaunchScreen.storyboard */ = {
			isa = PBXVariantGroup;
			children = (
				0D2CCE4729C5FCE600EBA805 /* Base */,
			);
			name = LaunchScreen.storyboard;
			sourceTree = "<group>";
		};
/* End PBXVariantGroup section */

/* Begin XCBuildConfiguration section */
		0D2CCE4A29C5FCE600EBA805 /* Debug */ = {
			isa = XCBuildConfiguration;
			buildSettings = {
				ALWAYS_SEARCH_USER_PATHS = NO;
				CLANG_ANALYZER_NONNULL = YES;
				CLANG_ANALYZER_NUMBER_OBJECT_CONVERSION = YES_AGGRESSIVE;
				CLANG_CXX_LANGUAGE_STANDARD = "gnu++20";
				CLANG_ENABLE_MODULES = YES;
				CLANG_ENABLE_OBJC_ARC = YES;
				CLANG_ENABLE_OBJC_WEAK = YES;
				CLANG_WARN_BLOCK_CAPTURE_AUTORELEASING = YES;
				CLANG_WARN_BOOL_CONVERSION = YES;
				CLANG_WARN_COMMA = YES;
				CLANG_WARN_CONSTANT_CONVERSION = YES;
				CLANG_WARN_DEPRECATED_OBJC_IMPLEMENTATIONS = YES;
				CLANG_WARN_DIRECT_OBJC_ISA_USAGE = YES_ERROR;
				CLANG_WARN_DOCUMENTATION_COMMENTS = YES;
				CLANG_WARN_EMPTY_BODY = YES;
				CLANG_WARN_ENUM_CONVERSION = YES;
				CLANG_WARN_INFINITE_RECURSION = YES;
				CLANG_WARN_INT_CONVERSION = YES;
				CLANG_WARN_NON_LITERAL_NULL_CONVERSION = YES;
				CLANG_WARN_OBJC_IMPLICIT_RETAIN_SELF = YES;
				CLANG_WARN_OBJC_LITERAL_CONVERSION = YES;
				CLANG_WARN_OBJC_ROOT_CLASS = YES_ERROR;
				CLANG_WARN_QUOTED_INCLUDE_IN_FRAMEWORK_HEADER = YES;
				CLANG_WARN_RANGE_LOOP_ANALYSIS = YES;
				CLANG_WARN_STRICT_PROTOTYPES = YES;
				CLANG_WARN_SUSPICIOUS_MOVE = YES;
				CLANG_WARN_UNGUARDED_AVAILABILITY = YES_AGGRESSIVE;
				CLANG_WARN_UNREACHABLE_CODE = YES;
				CLANG_WARN__DUPLICATE_METHOD_MATCH = YES;
				COPY_PHASE_STRIP = NO;
				DEBUG_INFORMATION_FORMAT = dwarf;
				ENABLE_STRICT_OBJC_MSGSEND = YES;
				ENABLE_TESTABILITY = YES;
				GCC_C_LANGUAGE_STANDARD = gnu11;
				GCC_DYNAMIC_NO_PIC = NO;
				GCC_NO_COMMON_BLOCKS = YES;
				GCC_OPTIMIZATION_LEVEL = 0;
				GCC_PREPROCESSOR_DEFINITIONS = (
					"DEBUG=1",
					"$(inherited)",
				);
				GCC_WARN_64_TO_32_BIT_CONVERSION = YES;
				GCC_WARN_ABOUT_RETURN_TYPE = YES_ERROR;
				GCC_WARN_UNDECLARED_SELECTOR = YES;
				GCC_WARN_UNINITIALIZED_AUTOS = YES_AGGRESSIVE;
				GCC_WARN_UNUSED_FUNCTION = YES;
				GCC_WARN_UNUSED_VARIABLE = YES;
				IPHONEOS_DEPLOYMENT_TARGET = 16.2;
				MTL_ENABLE_DEBUG_INFO = INCLUDE_SOURCE;
				MTL_FAST_MATH = YES;
				ONLY_ACTIVE_ARCH = YES;
				SDKROOT = iphoneos;
				SWIFT_ACTIVE_COMPILATION_CONDITIONS = DEBUG;
				SWIFT_OPTIMIZATION_LEVEL = "-Onone";
			};
			name = Debug;
		};
		0D2CCE4B29C5FCE600EBA805 /* Release */ = {
			isa = XCBuildConfiguration;
			buildSettings = {
				ALWAYS_SEARCH_USER_PATHS = NO;
				CLANG_ANALYZER_NONNULL = YES;
				CLANG_ANALYZER_NUMBER_OBJECT_CONVERSION = YES_AGGRESSIVE;
				CLANG_CXX_LANGUAGE_STANDARD = "gnu++20";
				CLANG_ENABLE_MODULES = YES;
				CLANG_ENABLE_OBJC_ARC = YES;
				CLANG_ENABLE_OBJC_WEAK = YES;
				CLANG_WARN_BLOCK_CAPTURE_AUTORELEASING = YES;
				CLANG_WARN_BOOL_CONVERSION = YES;
				CLANG_WARN_COMMA = YES;
				CLANG_WARN_CONSTANT_CONVERSION = YES;
				CLANG_WARN_DEPRECATED_OBJC_IMPLEMENTATIONS = YES;
				CLANG_WARN_DIRECT_OBJC_ISA_USAGE = YES_ERROR;
				CLANG_WARN_DOCUMENTATION_COMMENTS = YES;
				CLANG_WARN_EMPTY_BODY = YES;
				CLANG_WARN_ENUM_CONVERSION = YES;
				CLANG_WARN_INFINITE_RECURSION = YES;
				CLANG_WARN_INT_CONVERSION = YES;
				CLANG_WARN_NON_LITERAL_NULL_CONVERSION = YES;
				CLANG_WARN_OBJC_IMPLICIT_RETAIN_SELF = YES;
				CLANG_WARN_OBJC_LITERAL_CONVERSION = YES;
				CLANG_WARN_OBJC_ROOT_CLASS = YES_ERROR;
				CLANG_WARN_QUOTED_INCLUDE_IN_FRAMEWORK_HEADER = YES;
				CLANG_WARN_RANGE_LOOP_ANALYSIS = YES;
				CLANG_WARN_STRICT_PROTOTYPES = YES;
				CLANG_WARN_SUSPICIOUS_MOVE = YES;
				CLANG_WARN_UNGUARDED_AVAILABILITY = YES_AGGRESSIVE;
				CLANG_WARN_UNREACHABLE_CODE = YES;
				CLANG_WARN__DUPLICATE_METHOD_MATCH = YES;
				COPY_PHASE_STRIP = NO;
				DEBUG_INFORMATION_FORMAT = "dwarf-with-dsym";
				ENABLE_NS_ASSERTIONS = NO;
				ENABLE_STRICT_OBJC_MSGSEND = YES;
				GCC_C_LANGUAGE_STANDARD = gnu11;
				GCC_NO_COMMON_BLOCKS = YES;
				GCC_WARN_64_TO_32_BIT_CONVERSION = YES;
				GCC_WARN_ABOUT_RETURN_TYPE = YES_ERROR;
				GCC_WARN_UNDECLARED_SELECTOR = YES;
				GCC_WARN_UNINITIALIZED_AUTOS = YES_AGGRESSIVE;
				GCC_WARN_UNUSED_FUNCTION = YES;
				GCC_WARN_UNUSED_VARIABLE = YES;
				IPHONEOS_DEPLOYMENT_TARGET = 16.2;
				MTL_ENABLE_DEBUG_INFO = NO;
				MTL_FAST_MATH = YES;
				SDKROOT = iphoneos;
				SWIFT_COMPILATION_MODE = wholemodule;
				SWIFT_OPTIMIZATION_LEVEL = "-O";
				VALIDATE_PRODUCT = YES;
			};
			name = Release;
		};
		0D2CCE4D29C5FCE600EBA805 /* Debug */ = {
			isa = XCBuildConfiguration;
			buildSettings = {
				ASSETCATALOG_COMPILER_APPICON_NAME = AppIcon;
				ASSETCATALOG_COMPILER_GLOBAL_ACCENT_COLOR_NAME = AccentColor;
				CODE_SIGN_STYLE = Automatic;
				CURRENT_PROJECT_VERSION = 1;
				DEVELOPMENT_TEAM = 3PSALZHHUR;
				GENERATE_INFOPLIST_FILE = YES;
				INFOPLIST_FILE = MVP_Project/Info.plist;
				INFOPLIST_KEY_UIApplicationSupportsIndirectInputEvents = YES;
				INFOPLIST_KEY_UILaunchStoryboardName = LaunchScreen;
				INFOPLIST_KEY_UIMainStoryboardFile = Main;
				INFOPLIST_KEY_UISupportedInterfaceOrientations_iPad = "UIInterfaceOrientationPortrait UIInterfaceOrientationPortraitUpsideDown UIInterfaceOrientationLandscapeLeft UIInterfaceOrientationLandscapeRight";
				INFOPLIST_KEY_UISupportedInterfaceOrientations_iPhone = "UIInterfaceOrientationPortrait UIInterfaceOrientationLandscapeLeft UIInterfaceOrientationLandscapeRight";
				IPHONEOS_DEPLOYMENT_TARGET = 15.4;
				LD_RUNPATH_SEARCH_PATHS = (
					"$(inherited)",
					"@executable_path/Frameworks",
				);
				MARKETING_VERSION = 1.0;
				PRODUCT_BUNDLE_IDENTIFIER = "com.kaliev.MVP-Project";
				PRODUCT_NAME = "$(TARGET_NAME)";
				SWIFT_EMIT_LOC_STRINGS = YES;
				SWIFT_VERSION = 5.0;
				TARGETED_DEVICE_FAMILY = "1,2";
			};
			name = Debug;
		};
		0D2CCE4E29C5FCE600EBA805 /* Release */ = {
			isa = XCBuildConfiguration;
			buildSettings = {
				ASSETCATALOG_COMPILER_APPICON_NAME = AppIcon;
				ASSETCATALOG_COMPILER_GLOBAL_ACCENT_COLOR_NAME = AccentColor;
				CODE_SIGN_STYLE = Automatic;
				CURRENT_PROJECT_VERSION = 1;
				DEVELOPMENT_TEAM = 3PSALZHHUR;
				GENERATE_INFOPLIST_FILE = YES;
				INFOPLIST_FILE = MVP_Project/Info.plist;
				INFOPLIST_KEY_UIApplicationSupportsIndirectInputEvents = YES;
				INFOPLIST_KEY_UILaunchStoryboardName = LaunchScreen;
				INFOPLIST_KEY_UIMainStoryboardFile = Main;
				INFOPLIST_KEY_UISupportedInterfaceOrientations_iPad = "UIInterfaceOrientationPortrait UIInterfaceOrientationPortraitUpsideDown UIInterfaceOrientationLandscapeLeft UIInterfaceOrientationLandscapeRight";
				INFOPLIST_KEY_UISupportedInterfaceOrientations_iPhone = "UIInterfaceOrientationPortrait UIInterfaceOrientationLandscapeLeft UIInterfaceOrientationLandscapeRight";
				IPHONEOS_DEPLOYMENT_TARGET = 15.4;
				LD_RUNPATH_SEARCH_PATHS = (
					"$(inherited)",
					"@executable_path/Frameworks",
				);
				MARKETING_VERSION = 1.0;
				PRODUCT_BUNDLE_IDENTIFIER = "com.kaliev.MVP-Project";
				PRODUCT_NAME = "$(TARGET_NAME)";
				SWIFT_EMIT_LOC_STRINGS = YES;
				SWIFT_VERSION = 5.0;
				TARGETED_DEVICE_FAMILY = "1,2";
			};
			name = Release;
		};
/* End XCBuildConfiguration section */

/* Begin XCConfigurationList section */
		0D2CCE3329C5FCE000EBA805 /* Build configuration list for PBXProject "MVP_Project" */ = {
			isa = XCConfigurationList;
			buildConfigurations = (
				0D2CCE4A29C5FCE600EBA805 /* Debug */,
				0D2CCE4B29C5FCE600EBA805 /* Release */,
			);
			defaultConfigurationIsVisible = 0;
			defaultConfigurationName = Release;
		};
		0D2CCE4C29C5FCE600EBA805 /* Build configuration list for PBXNativeTarget "MVP_Project" */ = {
			isa = XCConfigurationList;
			buildConfigurations = (
				0D2CCE4D29C5FCE600EBA805 /* Debug */,
				0D2CCE4E29C5FCE600EBA805 /* Release */,
			);
			defaultConfigurationIsVisible = 0;
			defaultConfigurationName = Release;
		};
/* End XCConfigurationList section */
	};
	rootObject = 0D2CCE3029C5FCE000EBA805 /* Project object */;
}
