// !$*UTF8*$!
{
	archiveVersion = 1;
	classes = {
	};
	objectVersion = 56;
	objects = {

/* Begin PBXBuildFile section */
		0D9B60D429C12E6000DB65FD /* AppDelegate.swift in Sources */ = {isa = PBXBuildFile; fileRef = 0D9B60D329C12E6000DB65FD /* AppDelegate.swift */; };
		0D9B60D629C12E6000DB65FD /* SceneDelegate.swift in Sources */ = {isa = PBXBuildFile; fileRef = 0D9B60D529C12E6000DB65FD /* SceneDelegate.swift */; };
		0D9B60D829C12E6000DB65FD /* ViewController.swift in Sources */ = {isa = PBXBuildFile; fileRef = 0D9B60D729C12E6000DB65FD /* ViewController.swift */; };
		0D9B60DB29C12E6000DB65FD /* Main.storyboard in Resources */ = {isa = PBXBuildFile; fileRef = 0D9B60D929C12E6000DB65FD /* Main.storyboard */; };
		0D9B60DD29C12E6400DB65FD /* Assets.xcassets in Resources */ = {isa = PBXBuildFile; fileRef = 0D9B60DC29C12E6400DB65FD /* Assets.xcassets */; };
		0D9B60E029C12E6400DB65FD /* LaunchScreen.storyboard in Resources */ = {isa = PBXBuildFile; fileRef = 0D9B60DE29C12E6400DB65FD /* LaunchScreen.storyboard */; };
		0D9B60E929C130B400DB65FD /* WebKit.framework in Frameworks */ = {isa = PBXBuildFile; fileRef = 0D9B60E829C130B300DB65FD /* WebKit.framework */; };
/* End PBXBuildFile section */

/* Begin PBXFileReference section */
		0D9B60D029C12E6000DB65FD /* SwiftAndJavaScript.app */ = {isa = PBXFileReference; explicitFileType = wrapper.application; includeInIndex = 0; path = SwiftAndJavaScript.app; sourceTree = BUILT_PRODUCTS_DIR; };
		0D9B60D329C12E6000DB65FD /* AppDelegate.swift */ = {isa = PBXFileReference; lastKnownFileType = sourcecode.swift; path = AppDelegate.swift; sourceTree = "<group>"; };
		0D9B60D529C12E6000DB65FD /* SceneDelegate.swift */ = {isa = PBXFileReference; lastKnownFileType = sourcecode.swift; path = SceneDelegate.swift; sourceTree = "<group>"; };
		0D9B60D729C12E6000DB65FD /* ViewController.swift */ = {isa = PBXFileReference; lastKnownFileType = sourcecode.swift; path = ViewController.swift; sourceTree = "<group>"; };
		0D9B60DA29C12E6000DB65FD /* Base */ = {isa = PBXFileReference; lastKnownFileType = file.storyboard; name = Base; path = Base.lproj/Main.storyboard; sourceTree = "<group>"; };
		0D9B60DC29C12E6400DB65FD /* Assets.xcassets */ = {isa = PBXFileReference; lastKnownFileType = folder.assetcatalog; path = Assets.xcassets; sourceTree = "<group>"; };
		0D9B60DF29C12E6400DB65FD /* Base */ = {isa = PBXFileReference; lastKnownFileType = file.storyboard; name = Base; path = Base.lproj/LaunchScreen.storyboard; sourceTree = "<group>"; };
		0D9B60E129C12E6400DB65FD /* Info.plist */ = {isa = PBXFileReference; lastKnownFileType = text.plist.xml; path = Info.plist; sourceTree = "<group>"; };
		0D9B60E829C130B300DB65FD /* WebKit.framework */ = {isa = PBXFileReference; lastKnownFileType = wrapper.framework; name = WebKit.framework; path = System/Library/Frameworks/WebKit.framework; sourceTree = SDKROOT; };
/* End PBXFileReference section */

/* Begin PBXFrameworksBuildPhase section */
		0D9B60CD29C12E6000DB65FD /* Frameworks */ = {
			isa = PBXFrameworksBuildPhase;
			buildActionMask = 2147483647;
			files = (
				0D9B60E929C130B400DB65FD /* WebKit.framework in Frameworks */,
			);
			runOnlyForDeploymentPostprocessing = 0;
		};
/* End PBXFrameworksBuildPhase section */

/* Begin PBXGroup section */
		0D9B60C729C12E6000DB65FD = {
			isa = PBXGroup;
			children = (
				0D9B60D229C12E6000DB65FD /* SwiftAndJavaScript */,
				0D9B60D129C12E6000DB65FD /* Products */,
				0D9B60E729C130B300DB65FD /* Frameworks */,
			);
			sourceTree = "<group>";
		};
		0D9B60D129C12E6000DB65FD /* Products */ = {
			isa = PBXGroup;
			children = (
				0D9B60D029C12E6000DB65FD /* SwiftAndJavaScript.app */,
			);
			name = Products;
			sourceTree = "<group>";
		};
		0D9B60D229C12E6000DB65FD /* SwiftAndJavaScript */ = {
			isa = PBXGroup;
			children = (
				0D9B60D329C12E6000DB65FD /* AppDelegate.swift */,
				0D9B60D529C12E6000DB65FD /* SceneDelegate.swift */,
				0D9B60D729C12E6000DB65FD /* ViewController.swift */,
				0D9B60D929C12E6000DB65FD /* Main.storyboard */,
				0D9B60DC29C12E6400DB65FD /* Assets.xcassets */,
				0D9B60DE29C12E6400DB65FD /* LaunchScreen.storyboard */,
				0D9B60E129C12E6400DB65FD /* Info.plist */,
			);
			path = SwiftAndJavaScript;
			sourceTree = "<group>";
		};
		0D9B60E729C130B300DB65FD /* Frameworks */ = {
			isa = PBXGroup;
			children = (
				0D9B60E829C130B300DB65FD /* WebKit.framework */,
			);
			name = Frameworks;
			sourceTree = "<group>";
		};
/* End PBXGroup section */

/* Begin PBXNativeTarget section */
		0D9B60CF29C12E6000DB65FD /* SwiftAndJavaScript */ = {
			isa = PBXNativeTarget;
			buildConfigurationList = 0D9B60E429C12E6400DB65FD /* Build configuration list for PBXNativeTarget "SwiftAndJavaScript" */;
			buildPhases = (
				0D9B60CC29C12E6000DB65FD /* Sources */,
				0D9B60CD29C12E6000DB65FD /* Frameworks */,
				0D9B60CE29C12E6000DB65FD /* Resources */,
			);
			buildRules = (
			);
			dependencies = (
			);
			name = SwiftAndJavaScript;
			productName = SwiftAndJavaScript;
			productReference = 0D9B60D029C12E6000DB65FD /* SwiftAndJavaScript.app */;
			productType = "com.apple.product-type.application";
		};
/* End PBXNativeTarget section */

/* Begin PBXProject section */
		0D9B60C829C12E6000DB65FD /* Project object */ = {
			isa = PBXProject;
			attributes = {
				BuildIndependentTargetsInParallel = 1;
				LastSwiftUpdateCheck = 1420;
				LastUpgradeCheck = 1420;
				TargetAttributes = {
					0D9B60CF29C12E6000DB65FD = {
						CreatedOnToolsVersion = 14.2;
					};
				};
			};
			buildConfigurationList = 0D9B60CB29C12E6000DB65FD /* Build configuration list for PBXProject "SwiftAndJavaScript" */;
			compatibilityVersion = "Xcode 14.0";
			developmentRegion = en;
			hasScannedForEncodings = 0;
			knownRegions = (
				en,
				Base,
			);
			mainGroup = 0D9B60C729C12E6000DB65FD;
			productRefGroup = 0D9B60D129C12E6000DB65FD /* Products */;
			projectDirPath = "";
			projectRoot = "";
			targets = (
				0D9B60CF29C12E6000DB65FD /* SwiftAndJavaScript */,
			);
		};
/* End PBXProject section */

/* Begin PBXResourcesBuildPhase section */
		0D9B60CE29C12E6000DB65FD /* Resources */ = {
			isa = PBXResourcesBuildPhase;
			buildActionMask = 2147483647;
			files = (
				0D9B60E029C12E6400DB65FD /* LaunchScreen.storyboard in Resources */,
				0D9B60DD29C12E6400DB65FD /* Assets.xcassets in Resources */,
				0D9B60DB29C12E6000DB65FD /* Main.storyboard in Resources */,
			);
			runOnlyForDeploymentPostprocessing = 0;
		};
/* End PBXResourcesBuildPhase section */

/* Begin PBXSourcesBuildPhase section */
		0D9B60CC29C12E6000DB65FD /* Sources */ = {
			isa = PBXSourcesBuildPhase;
			buildActionMask = 2147483647;
			files = (
				0D9B60D829C12E6000DB65FD /* ViewController.swift in Sources */,
				0D9B60D429C12E6000DB65FD /* AppDelegate.swift in Sources */,
				0D9B60D629C12E6000DB65FD /* SceneDelegate.swift in Sources */,
			);
			runOnlyForDeploymentPostprocessing = 0;
		};
/* End PBXSourcesBuildPhase section */

/* Begin PBXVariantGroup section */
		0D9B60D929C12E6000DB65FD /* Main.storyboard */ = {
			isa = PBXVariantGroup;
			children = (
				0D9B60DA29C12E6000DB65FD /* Base */,
			);
			name = Main.storyboard;
			sourceTree = "<group>";
		};
		0D9B60DE29C12E6400DB65FD /* LaunchScreen.storyboard */ = {
			isa = PBXVariantGroup;
			children = (
				0D9B60DF29C12E6400DB65FD /* Base */,
			);
			name = LaunchScreen.storyboard;
			sourceTree = "<group>";
		};
/* End PBXVariantGroup section */

/* Begin XCBuildConfiguration section */
		0D9B60E229C12E6400DB65FD /* Debug */ = {
			isa = XCBuildConfiguration;
			buildSettings = {
				ALWAYS_SEARCH_USER_PATHS = NO;
				CLANG_ANALYZER_NONNULL = YES;
				CLANG_ANALYZER_NUMBER_OBJECT_CONVERSION = YES_AGGRESSIVE;
				CLANG_CXX_LANGUAGE_STANDARD = "gnu++20";
				CLANG_ENABLE_MODULES = YES;
				CLANG_ENABLE_OBJC_ARC = YES;
				CLANG_ENABLE_OBJC_WEAK = YES;
				CLANG_WARN_BLOCK_CAPTURE_AUTORELEASING = YES;
				CLANG_WARN_BOOL_CONVERSION = YES;
				CLANG_WARN_COMMA = YES;
				CLANG_WARN_CONSTANT_CONVERSION = YES;
				CLANG_WARN_DEPRECATED_OBJC_IMPLEMENTATIONS = YES;
				CLANG_WARN_DIRECT_OBJC_ISA_USAGE = YES_ERROR;
				CLANG_WARN_DOCUMENTATION_COMMENTS = YES;
				CLANG_WARN_EMPTY_BODY = YES;
				CLANG_WARN_ENUM_CONVERSION = YES;
				CLANG_WARN_INFINITE_RECURSION = YES;
				CLANG_WARN_INT_CONVERSION = YES;
				CLANG_WARN_NON_LITERAL_NULL_CONVERSION = YES;
				CLANG_WARN_OBJC_IMPLICIT_RETAIN_SELF = YES;
				CLANG_WARN_OBJC_LITERAL_CONVERSION = YES;
				CLANG_WARN_OBJC_ROOT_CLASS = YES_ERROR;
				CLANG_WARN_QUOTED_INCLUDE_IN_FRAMEWORK_HEADER = YES;
				CLANG_WARN_RANGE_LOOP_ANALYSIS = YES;
				CLANG_WARN_STRICT_PROTOTYPES = YES;
				CLANG_WARN_SUSPICIOUS_MOVE = YES;
				CLANG_WARN_UNGUARDED_AVAILABILITY = YES_AGGRESSIVE;
				CLANG_WARN_UNREACHABLE_CODE = YES;
				CLANG_WARN__DUPLICATE_METHOD_MATCH = YES;
				COPY_PHASE_STRIP = NO;
				DEBUG_INFORMATION_FORMAT = dwarf;
				ENABLE_STRICT_OBJC_MSGSEND = YES;
				ENABLE_TESTABILITY = YES;
				GCC_C_LANGUAGE_STANDARD = gnu11;
				GCC_DYNAMIC_NO_PIC = NO;
				GCC_NO_COMMON_BLOCKS = YES;
				GCC_OPTIMIZATION_LEVEL = 0;
				GCC_PREPROCESSOR_DEFINITIONS = (
					"DEBUG=1",
					"$(inherited)",
				);
				GCC_WARN_64_TO_32_BIT_CONVERSION = YES;
				GCC_WARN_ABOUT_RETURN_TYPE = YES_ERROR;
				GCC_WARN_UNDECLARED_SELECTOR = YES;
				GCC_WARN_UNINITIALIZED_AUTOS = YES_AGGRESSIVE;
				GCC_WARN_UNUSED_FUNCTION = YES;
				GCC_WARN_UNUSED_VARIABLE = YES;
				IPHONEOS_DEPLOYMENT_TARGET = 16.2;
				MTL_ENABLE_DEBUG_INFO = INCLUDE_SOURCE;
				MTL_FAST_MATH = YES;
				ONLY_ACTIVE_ARCH = YES;
				SDKROOT = iphoneos;
				SWIFT_ACTIVE_COMPILATION_CONDITIONS = DEBUG;
				SWIFT_OPTIMIZATION_LEVEL = "-Onone";
			};
			name = Debug;
		};
		0D9B60E329C12E6400DB65FD /* Release */ = {
			isa = XCBuildConfiguration;
			buildSettings = {
				ALWAYS_SEARCH_USER_PATHS = NO;
				CLANG_ANALYZER_NONNULL = YES;
				CLANG_ANALYZER_NUMBER_OBJECT_CONVERSION = YES_AGGRESSIVE;
				CLANG_CXX_LANGUAGE_STANDARD = "gnu++20";
				CLANG_ENABLE_MODULES = YES;
				CLANG_ENABLE_OBJC_ARC = YES;
				CLANG_ENABLE_OBJC_WEAK = YES;
				CLANG_WARN_BLOCK_CAPTURE_AUTORELEASING = YES;
				CLANG_WARN_BOOL_CONVERSION = YES;
				CLANG_WARN_COMMA = YES;
				CLANG_WARN_CONSTANT_CONVERSION = YES;
				CLANG_WARN_DEPRECATED_OBJC_IMPLEMENTATIONS = YES;
				CLANG_WARN_DIRECT_OBJC_ISA_USAGE = YES_ERROR;
				CLANG_WARN_DOCUMENTATION_COMMENTS = YES;
				CLANG_WARN_EMPTY_BODY = YES;
				CLANG_WARN_ENUM_CONVERSION = YES;
				CLANG_WARN_INFINITE_RECURSION = YES;
				CLANG_WARN_INT_CONVERSION = YES;
				CLANG_WARN_NON_LITERAL_NULL_CONVERSION = YES;
				CLANG_WARN_OBJC_IMPLICIT_RETAIN_SELF = YES;
				CLANG_WARN_OBJC_LITERAL_CONVERSION = YES;
				CLANG_WARN_OBJC_ROOT_CLASS = YES_ERROR;
				CLANG_WARN_QUOTED_INCLUDE_IN_FRAMEWORK_HEADER = YES;
				CLANG_WARN_RANGE_LOOP_ANALYSIS = YES;
				CLANG_WARN_STRICT_PROTOTYPES = YES;
				CLANG_WARN_SUSPICIOUS_MOVE = YES;
				CLANG_WARN_UNGUARDED_AVAILABILITY = YES_AGGRESSIVE;
				CLANG_WARN_UNREACHABLE_CODE = YES;
				CLANG_WARN__DUPLICATE_METHOD_MATCH = YES;
				COPY_PHASE_STRIP = NO;
				DEBUG_INFORMATION_FORMAT = "dwarf-with-dsym";
				ENABLE_NS_ASSERTIONS = NO;
				ENABLE_STRICT_OBJC_MSGSEND = YES;
				GCC_C_LANGUAGE_STANDARD = gnu11;
				GCC_NO_COMMON_BLOCKS = YES;
				GCC_WARN_64_TO_32_BIT_CONVERSION = YES;
				GCC_WARN_ABOUT_RETURN_TYPE = YES_ERROR;
				GCC_WARN_UNDECLARED_SELECTOR = YES;
				GCC_WARN_UNINITIALIZED_AUTOS = YES_AGGRESSIVE;
				GCC_WARN_UNUSED_FUNCTION = YES;
				GCC_WARN_UNUSED_VARIABLE = YES;
				IPHONEOS_DEPLOYMENT_TARGET = 16.2;
				MTL_ENABLE_DEBUG_INFO = NO;
				MTL_FAST_MATH = YES;
				SDKROOT = iphoneos;
				SWIFT_COMPILATION_MODE = wholemodule;
				SWIFT_OPTIMIZATION_LEVEL = "-O";
				VALIDATE_PRODUCT = YES;
			};
			name = Release;
		};
		0D9B60E529C12E6400DB65FD /* Debug */ = {
			isa = XCBuildConfiguration;
			buildSettings = {
				ASSETCATALOG_COMPILER_APPICON_NAME = AppIcon;
				ASSETCATALOG_COMPILER_GLOBAL_ACCENT_COLOR_NAME = AccentColor;
				CODE_SIGN_STYLE = Automatic;
				CURRENT_PROJECT_VERSION = 1;
				DEVELOPMENT_TEAM = 3PSALZHHUR;
				GENERATE_INFOPLIST_FILE = YES;
				INFOPLIST_FILE = SwiftAndJavaScript/Info.plist;
				INFOPLIST_KEY_UIApplicationSupportsIndirectInputEvents = YES;
				INFOPLIST_KEY_UILaunchStoryboardName = LaunchScreen;
				INFOPLIST_KEY_UIMainStoryboardFile = Main;
				INFOPLIST_KEY_UISupportedInterfaceOrientations_iPad = "UIInterfaceOrientationPortrait UIInterfaceOrientationPortraitUpsideDown UIInterfaceOrientationLandscapeLeft UIInterfaceOrientationLandscapeRight";
				INFOPLIST_KEY_UISupportedInterfaceOrientations_iPhone = "UIInterfaceOrientationPortrait UIInterfaceOrientationLandscapeLeft UIInterfaceOrientationLandscapeRight";
				IPHONEOS_DEPLOYMENT_TARGET = 15.3;
				LD_RUNPATH_SEARCH_PATHS = (
					"$(inherited)",
					"@executable_path/Frameworks",
				);
				MARKETING_VERSION = 1.0;
				PRODUCT_BUNDLE_IDENTIFIER = com.kaliev.SwiftAndJavaScript;
				PRODUCT_NAME = "$(TARGET_NAME)";
				SWIFT_EMIT_LOC_STRINGS = YES;
				SWIFT_VERSION = 5.0;
				TARGETED_DEVICE_FAMILY = "1,2";
			};
			name = Debug;
		};
		0D9B60E629C12E6400DB65FD /* Release */ = {
			isa = XCBuildConfiguration;
			buildSettings = {
				ASSETCATALOG_COMPILER_APPICON_NAME = AppIcon;
				ASSETCATALOG_COMPILER_GLOBAL_ACCENT_COLOR_NAME = AccentColor;
				CODE_SIGN_STYLE = Automatic;
				CURRENT_PROJECT_VERSION = 1;
				DEVELOPMENT_TEAM = 3PSALZHHUR;
				GENERATE_INFOPLIST_FILE = YES;
				INFOPLIST_FILE = SwiftAndJavaScript/Info.plist;
				INFOPLIST_KEY_UIApplicationSupportsIndirectInputEvents = YES;
				INFOPLIST_KEY_UILaunchStoryboardName = LaunchScreen;
				INFOPLIST_KEY_UIMainStoryboardFile = Main;
				INFOPLIST_KEY_UISupportedInterfaceOrientations_iPad = "UIInterfaceOrientationPortrait UIInterfaceOrientationPortraitUpsideDown UIInterfaceOrientationLandscapeLeft UIInterfaceOrientationLandscapeRight";
				INFOPLIST_KEY_UISupportedInterfaceOrientations_iPhone = "UIInterfaceOrientationPortrait UIInterfaceOrientationLandscapeLeft UIInterfaceOrientationLandscapeRight";
				IPHONEOS_DEPLOYMENT_TARGET = 15.3;
				LD_RUNPATH_SEARCH_PATHS = (
					"$(inherited)",
					"@executable_path/Frameworks",
				);
				MARKETING_VERSION = 1.0;
				PRODUCT_BUNDLE_IDENTIFIER = com.kaliev.SwiftAndJavaScript;
				PRODUCT_NAME = "$(TARGET_NAME)";
				SWIFT_EMIT_LOC_STRINGS = YES;
				SWIFT_VERSION = 5.0;
				TARGETED_DEVICE_FAMILY = "1,2";
			};
			name = Release;
		};
/* End XCBuildConfiguration section */

/* Begin XCConfigurationList section */
		0D9B60CB29C12E6000DB65FD /* Build configuration list for PBXProject "SwiftAndJavaScript" */ = {
			isa = XCConfigurationList;
			buildConfigurations = (
				0D9B60E229C12E6400DB65FD /* Debug */,
				0D9B60E329C12E6400DB65FD /* Release */,
			);
			defaultConfigurationIsVisible = 0;
			defaultConfigurationName = Release;
		};
		0D9B60E429C12E6400DB65FD /* Build configuration list for PBXNativeTarget "SwiftAndJavaScript" */ = {
			isa = XCConfigurationList;
			buildConfigurations = (
				0D9B60E529C12E6400DB65FD /* Debug */,
				0D9B60E629C12E6400DB65FD /* Release */,
			);
			defaultConfigurationIsVisible = 0;
			defaultConfigurationName = Release;
		};
/* End XCConfigurationList section */
	};
	rootObject = 0D9B60C829C12E6000DB65FD /* Project object */;
}
